// !$*UTF8*$!
{
	archiveVersion = 1;
	classes = {
	};
	objectVersion = 56;
	objects = {

/* Begin PBXBuildFile section */
		5F9E43BD2C6618B000C3045D /* AppDelegate.swift in Sources */ = {isa = PBXBuildFile; fileRef = 5F9E43BC2C6618B000C3045D /* AppDelegate.swift */; };
		5F9E43BF2C6618B000C3045D /* SceneDelegate.swift in Sources */ = {isa = PBXBuildFile; fileRef = 5F9E43BE2C6618B000C3045D /* SceneDelegate.swift */; };
		5F9E43C12C6618B000C3045D /* ViewController.swift in Sources */ = {isa = PBXBuildFile; fileRef = 5F9E43C02C6618B000C3045D /* ViewController.swift */; };
		5F9E43C42C6618B000C3045D /* Main.storyboard in Resources */ = {isa = PBXBuildFile; fileRef = 5F9E43C22C6618B000C3045D /* Main.storyboard */; };
		5F9E43C62C6618B100C3045D /* Assets.xcassets in Resources */ = {isa = PBXBuildFile; fileRef = 5F9E43C52C6618B100C3045D /* Assets.xcassets */; };
		5F9E43C92C6618B100C3045D /* LaunchScreen.storyboard in Resources */ = {isa = PBXBuildFile; fileRef = 5F9E43C72C6618B100C3045D /* LaunchScreen.storyboard */; };
		5F9E43D12C661E2C00C3045D /* ParticleNetwork-Info.plist in Resources */ = {isa = PBXBuildFile; fileRef = 5F9E43D02C661E2C00C3045D /* ParticleNetwork-Info.plist */; };
		8C5CBF0538B22F6A7F7E5E5F /* Pods_ConnectKitDemo.framework in Frameworks */ = {isa = PBXBuildFile; fileRef = B8372AC634FB2012986C4488 /* Pods_ConnectKitDemo.framework */; };
/* End PBXBuildFile section */

/* Begin PBXFileReference section */
		5F9E43B92C6618B000C3045D /* ConnectKitDemo.app */ = {isa = PBXFileReference; explicitFileType = wrapper.application; includeInIndex = 0; path = ConnectKitDemo.app; sourceTree = BUILT_PRODUCTS_DIR; };
		5F9E43BC2C6618B000C3045D /* AppDelegate.swift */ = {isa = PBXFileReference; lastKnownFileType = sourcecode.swift; path = AppDelegate.swift; sourceTree = "<group>"; };
		5F9E43BE2C6618B000C3045D /* SceneDelegate.swift */ = {isa = PBXFileReference; lastKnownFileType = sourcecode.swift; path = SceneDelegate.swift; sourceTree = "<group>"; };
		5F9E43C02C6618B000C3045D /* ViewController.swift */ = {isa = PBXFileReference; lastKnownFileType = sourcecode.swift; path = ViewController.swift; sourceTree = "<group>"; };
		5F9E43C32C6618B000C3045D /* Base */ = {isa = PBXFileReference; lastKnownFileType = file.storyboard; name = Base; path = Base.lproj/Main.storyboard; sourceTree = "<group>"; };
		5F9E43C52C6618B100C3045D /* Assets.xcassets */ = {isa = PBXFileReference; lastKnownFileType = folder.assetcatalog; path = Assets.xcassets; sourceTree = "<group>"; };
		5F9E43C82C6618B100C3045D /* Base */ = {isa = PBXFileReference; lastKnownFileType = file.storyboard; name = Base; path = Base.lproj/LaunchScreen.storyboard; sourceTree = "<group>"; };
		5F9E43CA2C6618B100C3045D /* Info.plist */ = {isa = PBXFileReference; lastKnownFileType = text.plist.xml; path = Info.plist; sourceTree = "<group>"; };
		5F9E43D02C661E2C00C3045D /* ParticleNetwork-Info.plist */ = {isa = PBXFileReference; fileEncoding = 4; lastKnownFileType = text.plist.xml; path = "ParticleNetwork-Info.plist"; sourceTree = "<group>"; };
		984DB1EC38A9719E99B9B9CD /* Pods-ConnectKitDemo.debug.xcconfig */ = {isa = PBXFileReference; includeInIndex = 1; lastKnownFileType = text.xcconfig; name = "Pods-ConnectKitDemo.debug.xcconfig"; path = "Target Support Files/Pods-ConnectKitDemo/Pods-ConnectKitDemo.debug.xcconfig"; sourceTree = "<group>"; };
		B8372AC634FB2012986C4488 /* Pods_ConnectKitDemo.framework */ = {isa = PBXFileReference; explicitFileType = wrapper.framework; includeInIndex = 0; path = Pods_ConnectKitDemo.framework; sourceTree = BUILT_PRODUCTS_DIR; };
		F96FD5538A17540DBE6BB201 /* Pods-ConnectKitDemo.release.xcconfig */ = {isa = PBXFileReference; includeInIndex = 1; lastKnownFileType = text.xcconfig; name = "Pods-ConnectKitDemo.release.xcconfig"; path = "Target Support Files/Pods-ConnectKitDemo/Pods-ConnectKitDemo.release.xcconfig"; sourceTree = "<group>"; };
/* End PBXFileReference section */

/* Begin PBXFrameworksBuildPhase section */
		5F9E43B62C6618B000C3045D /* Frameworks */ = {
			isa = PBXFrameworksBuildPhase;
			buildActionMask = 2147483647;
			files = (
				8C5CBF0538B22F6A7F7E5E5F /* Pods_ConnectKitDemo.framework in Frameworks */,
			);
			runOnlyForDeploymentPostprocessing = 0;
		};
/* End PBXFrameworksBuildPhase section */

/* Begin PBXGroup section */
		5F9E43B02C6618B000C3045D = {
			isa = PBXGroup;
			children = (
				5F9E43BB2C6618B000C3045D /* ConnectKitDemo */,
				5F9E43BA2C6618B000C3045D /* Products */,
				D0D5A9E2B39F21A44C71C3A1 /* Pods */,
				AC272E134304F5A08AEBE308 /* Frameworks */,
			);
			sourceTree = "<group>";
		};
		5F9E43BA2C6618B000C3045D /* Products */ = {
			isa = PBXGroup;
			children = (
				5F9E43B92C6618B000C3045D /* ConnectKitDemo.app */,
			);
			name = Products;
			sourceTree = "<group>";
		};
		5F9E43BB2C6618B000C3045D /* ConnectKitDemo */ = {
			isa = PBXGroup;
			children = (
				5F9E43BC2C6618B000C3045D /* AppDelegate.swift */,
				5F9E43BE2C6618B000C3045D /* SceneDelegate.swift */,
				5F9E43D02C661E2C00C3045D /* ParticleNetwork-Info.plist */,
				5F9E43C02C6618B000C3045D /* ViewController.swift */,
				5F9E43C22C6618B000C3045D /* Main.storyboard */,
				5F9E43C52C6618B100C3045D /* Assets.xcassets */,
				5F9E43C72C6618B100C3045D /* LaunchScreen.storyboard */,
				5F9E43CA2C6618B100C3045D /* Info.plist */,
			);
			path = ConnectKitDemo;
			sourceTree = "<group>";
		};
		AC272E134304F5A08AEBE308 /* Frameworks */ = {
			isa = PBXGroup;
			children = (
				B8372AC634FB2012986C4488 /* Pods_ConnectKitDemo.framework */,
			);
			name = Frameworks;
			sourceTree = "<group>";
		};
		D0D5A9E2B39F21A44C71C3A1 /* Pods */ = {
			isa = PBXGroup;
			children = (
				984DB1EC38A9719E99B9B9CD /* Pods-ConnectKitDemo.debug.xcconfig */,
				F96FD5538A17540DBE6BB201 /* Pods-ConnectKitDemo.release.xcconfig */,
			);
			path = Pods;
			sourceTree = "<group>";
		};
/* End PBXGroup section */

/* Begin PBXNativeTarget section */
		5F9E43B82C6618B000C3045D /* ConnectKitDemo */ = {
			isa = PBXNativeTarget;
			buildConfigurationList = 5F9E43CD2C6618B100C3045D /* Build configuration list for PBXNativeTarget "ConnectKitDemo" */;
			buildPhases = (
				64E907A7D99D8F1439596631 /* [CP] Check Pods Manifest.lock */,
				5F9E43B52C6618B000C3045D /* Sources */,
				5F9E43B62C6618B000C3045D /* Frameworks */,
				5F9E43B72C6618B000C3045D /* Resources */,
				3385E14558665D2F5CCAC548 /* [CP] Embed Pods Frameworks */,
				D3B970A940FE11BF02A71DEE /* [CP] Copy Pods Resources */,
			);
			buildRules = (
			);
			dependencies = (
			);
			name = ConnectKitDemo;
			productName = ConnectKitDemo;
			productReference = 5F9E43B92C6618B000C3045D /* ConnectKitDemo.app */;
			productType = "com.apple.product-type.application";
		};
/* End PBXNativeTarget section */

/* Begin PBXProject section */
		5F9E43B12C6618B000C3045D /* Project object */ = {
			isa = PBXProject;
			attributes = {
				BuildIndependentTargetsInParallel = 1;
				LastSwiftUpdateCheck = 1500;
				LastUpgradeCheck = 1500;
				TargetAttributes = {
					5F9E43B82C6618B000C3045D = {
						CreatedOnToolsVersion = 15.0;
					};
				};
			};
			buildConfigurationList = 5F9E43B42C6618B000C3045D /* Build configuration list for PBXProject "ConnectKitDemo" */;
			compatibilityVersion = "Xcode 14.0";
			developmentRegion = en;
			hasScannedForEncodings = 0;
			knownRegions = (
				en,
				Base,
			);
			mainGroup = 5F9E43B02C6618B000C3045D;
			productRefGroup = 5F9E43BA2C6618B000C3045D /* Products */;
			projectDirPath = "";
			projectRoot = "";
			targets = (
				5F9E43B82C6618B000C3045D /* ConnectKitDemo */,
			);
		};
/* End PBXProject section */

/* Begin PBXResourcesBuildPhase section */
		5F9E43B72C6618B000C3045D /* Resources */ = {
			isa = PBXResourcesBuildPhase;
			buildActionMask = 2147483647;
			files = (
				5F9E43C92C6618B100C3045D /* LaunchScreen.storyboard in Resources */,
				5F9E43C62C6618B100C3045D /* Assets.xcassets in Resources */,
				5F9E43C42C6618B000C3045D /* Main.storyboard in Resources */,
				5F9E43D12C661E2C00C3045D /* ParticleNetwork-Info.plist in Resources */,
			);
			runOnlyForDeploymentPostprocessing = 0;
		};
/* End PBXResourcesBuildPhase section */

/* Begin PBXShellScriptBuildPhase section */
		3385E14558665D2F5CCAC548 /* [CP] Embed Pods Frameworks */ = {
			isa = PBXShellScriptBuildPhase;
			buildActionMask = 2147483647;
			files = (
			);
			inputFileListPaths = (
				"${PODS_ROOT}/Target Support Files/Pods-ConnectKitDemo/Pods-ConnectKitDemo-frameworks-${CONFIGURATION}-input-files.xcfilelist",
			);
			name = "[CP] Embed Pods Frameworks";
			outputFileListPaths = (
				"${PODS_ROOT}/Target Support Files/Pods-ConnectKitDemo/Pods-ConnectKitDemo-frameworks-${CONFIGURATION}-output-files.xcfilelist",
			);
			runOnlyForDeploymentPostprocessing = 0;
			shellPath = /bin/sh;
			shellScript = "\"${PODS_ROOT}/Target Support Files/Pods-ConnectKitDemo/Pods-ConnectKitDemo-frameworks.sh\"\n";
			showEnvVarsInLog = 0;
		};
		64E907A7D99D8F1439596631 /* [CP] Check Pods Manifest.lock */ = {
			isa = PBXShellScriptBuildPhase;
			buildActionMask = 2147483647;
			files = (
			);
			inputFileListPaths = (
			);
			inputPaths = (
				"${PODS_PODFILE_DIR_PATH}/Podfile.lock",
				"${PODS_ROOT}/Manifest.lock",
			);
			name = "[CP] Check Pods Manifest.lock";
			outputFileListPaths = (
			);
			outputPaths = (
				"$(DERIVED_FILE_DIR)/Pods-ConnectKitDemo-checkManifestLockResult.txt",
			);
			runOnlyForDeploymentPostprocessing = 0;
			shellPath = /bin/sh;
			shellScript = "diff \"${PODS_PODFILE_DIR_PATH}/Podfile.lock\" \"${PODS_ROOT}/Manifest.lock\" > /dev/null\nif [ $? != 0 ] ; then\n    # print error to STDERR\n    echo \"error: The sandbox is not in sync with the Podfile.lock. Run 'pod install' or update your CocoaPods installation.\" >&2\n    exit 1\nfi\n# This output is used by Xcode 'outputs' to avoid re-running this script phase.\necho \"SUCCESS\" > \"${SCRIPT_OUTPUT_FILE_0}\"\n";
			showEnvVarsInLog = 0;
		};
		D3B970A940FE11BF02A71DEE /* [CP] Copy Pods Resources */ = {
			isa = PBXShellScriptBuildPhase;
			buildActionMask = 2147483647;
			files = (
			);
			inputFileListPaths = (
				"${PODS_ROOT}/Target Support Files/Pods-ConnectKitDemo/Pods-ConnectKitDemo-resources-${CONFIGURATION}-input-files.xcfilelist",
			);
			name = "[CP] Copy Pods Resources";
			outputFileListPaths = (
				"${PODS_ROOT}/Target Support Files/Pods-ConnectKitDemo/Pods-ConnectKitDemo-resources-${CONFIGURATION}-output-files.xcfilelist",
			);
			runOnlyForDeploymentPostprocessing = 0;
			shellPath = /bin/sh;
			shellScript = "\"${PODS_ROOT}/Target Support Files/Pods-ConnectKitDemo/Pods-ConnectKitDemo-resources.sh\"\n";
			showEnvVarsInLog = 0;
		};
/* End PBXShellScriptBuildPhase section */

/* Begin PBXSourcesBuildPhase section */
		5F9E43B52C6618B000C3045D /* Sources */ = {
			isa = PBXSourcesBuildPhase;
			buildActionMask = 2147483647;
			files = (
				5F9E43C12C6618B000C3045D /* ViewController.swift in Sources */,
				5F9E43BD2C6618B000C3045D /* AppDelegate.swift in Sources */,
				5F9E43BF2C6618B000C3045D /* SceneDelegate.swift in Sources */,
			);
			runOnlyForDeploymentPostprocessing = 0;
		};
/* End PBXSourcesBuildPhase section */

/* Begin PBXVariantGroup section */
		5F9E43C22C6618B000C3045D /* Main.storyboard */ = {
			isa = PBXVariantGroup;
			children = (
				5F9E43C32C6618B000C3045D /* Base */,
			);
			name = Main.storyboard;
			sourceTree = "<group>";
		};
		5F9E43C72C6618B100C3045D /* LaunchScreen.storyboard */ = {
			isa = PBXVariantGroup;
			children = (
				5F9E43C82C6618B100C3045D /* Base */,
			);
			name = LaunchScreen.storyboard;
			sourceTree = "<group>";
		};
/* End PBXVariantGroup section */

/* Begin XCBuildConfiguration section */
		5F9E43CB2C6618B100C3045D /* Debug */ = {
			isa = XCBuildConfiguration;
			buildSettings = {
				ALWAYS_SEARCH_USER_PATHS = NO;
				ASSETCATALOG_COMPILER_GENERATE_SWIFT_ASSET_SYMBOL_EXTENSIONS = YES;
				CLANG_ANALYZER_NONNULL = YES;
				CLANG_ANALYZER_NUMBER_OBJECT_CONVERSION = YES_AGGRESSIVE;
				CLANG_CXX_LANGUAGE_STANDARD = "gnu++20";
				CLANG_ENABLE_MODULES = YES;
				CLANG_ENABLE_OBJC_ARC = YES;
				CLANG_ENABLE_OBJC_WEAK = YES;
				CLANG_WARN_BLOCK_CAPTURE_AUTORELEASING = YES;
				CLANG_WARN_BOOL_CONVERSION = YES;
				CLANG_WARN_COMMA = YES;
				CLANG_WARN_CONSTANT_CONVERSION = YES;
				CLANG_WARN_DEPRECATED_OBJC_IMPLEMENTATIONS = YES;
				CLANG_WARN_DIRECT_OBJC_ISA_USAGE = YES_ERROR;
				CLANG_WARN_DOCUMENTATION_COMMENTS = YES;
				CLANG_WARN_EMPTY_BODY = YES;
				CLANG_WARN_ENUM_CONVERSION = YES;
				CLANG_WARN_INFINITE_RECURSION = YES;
				CLANG_WARN_INT_CONVERSION = YES;
				CLANG_WARN_NON_LITERAL_NULL_CONVERSION = YES;
				CLANG_WARN_OBJC_IMPLICIT_RETAIN_SELF = YES;
				CLANG_WARN_OBJC_LITERAL_CONVERSION = YES;
				CLANG_WARN_OBJC_ROOT_CLASS = YES_ERROR;
				CLANG_WARN_QUOTED_INCLUDE_IN_FRAMEWORK_HEADER = YES;
				CLANG_WARN_RANGE_LOOP_ANALYSIS = YES;
				CLANG_WARN_STRICT_PROTOTYPES = YES;
				CLANG_WARN_SUSPICIOUS_MOVE = YES;
				CLANG_WARN_UNGUARDED_AVAILABILITY = YES_AGGRESSIVE;
				CLANG_WARN_UNREACHABLE_CODE = YES;
				CLANG_WARN__DUPLICATE_METHOD_MATCH = YES;
				COPY_PHASE_STRIP = NO;
				DEBUG_INFORMATION_FORMAT = dwarf;
				ENABLE_STRICT_OBJC_MSGSEND = YES;
				ENABLE_TESTABILITY = YES;
				ENABLE_USER_SCRIPT_SANDBOXING = YES;
				GCC_C_LANGUAGE_STANDARD = gnu17;
				GCC_DYNAMIC_NO_PIC = NO;
				GCC_NO_COMMON_BLOCKS = YES;
				GCC_OPTIMIZATION_LEVEL = 0;
				GCC_PREPROCESSOR_DEFINITIONS = (
					"DEBUG=1",
					"$(inherited)",
				);
				GCC_WARN_64_TO_32_BIT_CONVERSION = YES;
				GCC_WARN_ABOUT_RETURN_TYPE = YES_ERROR;
				GCC_WARN_UNDECLARED_SELECTOR = YES;
				GCC_WARN_UNINITIALIZED_AUTOS = YES_AGGRESSIVE;
				GCC_WARN_UNUSED_FUNCTION = YES;
				GCC_WARN_UNUSED_VARIABLE = YES;
				IPHONEOS_DEPLOYMENT_TARGET = 14.0;
				LOCALIZATION_PREFERS_STRING_CATALOGS = YES;
				MTL_ENABLE_DEBUG_INFO = INCLUDE_SOURCE;
				MTL_FAST_MATH = YES;
				ONLY_ACTIVE_ARCH = YES;
				SDKROOT = iphoneos;
				SWIFT_ACTIVE_COMPILATION_CONDITIONS = "DEBUG $(inherited)";
				SWIFT_OPTIMIZATION_LEVEL = "-Onone";
			};
			name = Debug;
		};
		5F9E43CC2C6618B100C3045D /* Release */ = {
			isa = XCBuildConfiguration;
			buildSettings = {
				ALWAYS_SEARCH_USER_PATHS = NO;
				ASSETCATALOG_COMPILER_GENERATE_SWIFT_ASSET_SYMBOL_EXTENSIONS = YES;
				CLANG_ANALYZER_NONNULL = YES;
				CLANG_ANALYZER_NUMBER_OBJECT_CONVERSION = YES_AGGRESSIVE;
				CLANG_CXX_LANGUAGE_STANDARD = "gnu++20";
				CLANG_ENABLE_MODULES = YES;
				CLANG_ENABLE_OBJC_ARC = YES;
				CLANG_ENABLE_OBJC_WEAK = YES;
				CLANG_WARN_BLOCK_CAPTURE_AUTORELEASING = YES;
				CLANG_WARN_BOOL_CONVERSION = YES;
				CLANG_WARN_COMMA = YES;
				CLANG_WARN_CONSTANT_CONVERSION = YES;
				CLANG_WARN_DEPRECATED_OBJC_IMPLEMENTATIONS = YES;
				CLANG_WARN_DIRECT_OBJC_ISA_USAGE = YES_ERROR;
				CLANG_WARN_DOCUMENTATION_COMMENTS = YES;
				CLANG_WARN_EMPTY_BODY = YES;
				CLANG_WARN_ENUM_CONVERSION = YES;
				CLANG_WARN_INFINITE_RECURSION = YES;
				CLANG_WARN_INT_CONVERSION = YES;
				CLANG_WARN_NON_LITERAL_NULL_CONVERSION = YES;
				CLANG_WARN_OBJC_IMPLICIT_RETAIN_SELF = YES;
				CLANG_WARN_OBJC_LITERAL_CONVERSION = YES;
				CLANG_WARN_OBJC_ROOT_CLASS = YES_ERROR;
				CLANG_WARN_QUOTED_INCLUDE_IN_FRAMEWORK_HEADER = YES;
				CLANG_WARN_RANGE_LOOP_ANALYSIS = YES;
				CLANG_WARN_STRICT_PROTOTYPES = YES;
				CLANG_WARN_SUSPICIOUS_MOVE = YES;
				CLANG_WARN_UNGUARDED_AVAILABILITY = YES_AGGRESSIVE;
				CLANG_WARN_UNREACHABLE_CODE = YES;
				CLANG_WARN__DUPLICATE_METHOD_MATCH = YES;
				COPY_PHASE_STRIP = NO;
				DEBUG_INFORMATION_FORMAT = "dwarf-with-dsym";
				ENABLE_NS_ASSERTIONS = NO;
				ENABLE_STRICT_OBJC_MSGSEND = YES;
				ENABLE_USER_SCRIPT_SANDBOXING = YES;
				GCC_C_LANGUAGE_STANDARD = gnu17;
				GCC_NO_COMMON_BLOCKS = YES;
				GCC_WARN_64_TO_32_BIT_CONVERSION = YES;
				GCC_WARN_ABOUT_RETURN_TYPE = YES_ERROR;
				GCC_WARN_UNDECLARED_SELECTOR = YES;
				GCC_WARN_UNINITIALIZED_AUTOS = YES_AGGRESSIVE;
				GCC_WARN_UNUSED_FUNCTION = YES;
				GCC_WARN_UNUSED_VARIABLE = YES;
				IPHONEOS_DEPLOYMENT_TARGET = 14.0;
				LOCALIZATION_PREFERS_STRING_CATALOGS = YES;
				MTL_ENABLE_DEBUG_INFO = NO;
				MTL_FAST_MATH = YES;
				SDKROOT = iphoneos;
				SWIFT_COMPILATION_MODE = wholemodule;
				VALIDATE_PRODUCT = YES;
			};
			name = Release;
		};
		5F9E43CE2C6618B100C3045D /* Debug */ = {
			isa = XCBuildConfiguration;
			baseConfigurationReference = 984DB1EC38A9719E99B9B9CD /* Pods-ConnectKitDemo.debug.xcconfig */;
			buildSettings = {
				ASSETCATALOG_COMPILER_APPICON_NAME = AppIcon;
				ASSETCATALOG_COMPILER_GLOBAL_ACCENT_COLOR_NAME = AccentColor;
				CODE_SIGN_STYLE = Automatic;
				CURRENT_PROJECT_VERSION = 1;
				DEVELOPMENT_TEAM = TS2Y2QXMF3;
				ENABLE_USER_SCRIPT_SANDBOXING = NO;
				GENERATE_INFOPLIST_FILE = YES;
				INFOPLIST_FILE = ConnectKitDemo/Info.plist;
				INFOPLIST_KEY_UIApplicationSupportsIndirectInputEvents = YES;
				INFOPLIST_KEY_UILaunchStoryboardName = LaunchScreen;
				INFOPLIST_KEY_UIMainStoryboardFile = Main;
				INFOPLIST_KEY_UISupportedInterfaceOrientations_iPad = "UIInterfaceOrientationPortrait UIInterfaceOrientationPortraitUpsideDown UIInterfaceOrientationLandscapeLeft UIInterfaceOrientationLandscapeRight";
				INFOPLIST_KEY_UISupportedInterfaceOrientations_iPhone = "UIInterfaceOrientationPortrait UIInterfaceOrientationLandscapeLeft UIInterfaceOrientationLandscapeRight";
				IPHONEOS_DEPLOYMENT_TARGET = 14.0;
				LD_RUNPATH_SEARCH_PATHS = (
					"$(inherited)",
					"@executable_path/Frameworks",
				);
				MARKETING_VERSION = 2.0.4;
				PRODUCT_BUNDLE_IDENTIFIER = network.particle.wallet.ConnectKitDemo;
				PRODUCT_NAME = "$(TARGET_NAME)";
				SWIFT_EMIT_LOC_STRINGS = YES;
				SWIFT_VERSION = 5.0;
				TARGETED_DEVICE_FAMILY = "1,2";
			};
			name = Debug;
		};
		5F9E43CF2C6618B100C3045D /* Release */ = {
			isa = XCBuildConfiguration;
			baseConfigurationReference = F96FD5538A17540DBE6BB201 /* Pods-ConnectKitDemo.release.xcconfig */;
			buildSettings = {
				ASSETCATALOG_COMPILER_APPICON_NAME = AppIcon;
				ASSETCATALOG_COMPILER_GLOBAL_ACCENT_COLOR_NAME = AccentColor;
				CODE_SIGN_STYLE = Automatic;
				CURRENT_PROJECT_VERSION = 1;
				DEVELOPMENT_TEAM = TS2Y2QXMF3;
				ENABLE_USER_SCRIPT_SANDBOXING = NO;
				GENERATE_INFOPLIST_FILE = YES;
				INFOPLIST_FILE = ConnectKitDemo/Info.plist;
				INFOPLIST_KEY_UIApplicationSupportsIndirectInputEvents = YES;
				INFOPLIST_KEY_UILaunchStoryboardName = LaunchScreen;
				INFOPLIST_KEY_UIMainStoryboardFile = Main;
				INFOPLIST_KEY_UISupportedInterfaceOrientations_iPad = "UIInterfaceOrientationPortrait UIInterfaceOrientationPortraitUpsideDown UIInterfaceOrientationLandscapeLeft UIInterfaceOrientationLandscapeRight";
				INFOPLIST_KEY_UISupportedInterfaceOrientations_iPhone = "UIInterfaceOrientationPortrait UIInterfaceOrientationLandscapeLeft UIInterfaceOrientationLandscapeRight";
				IPHONEOS_DEPLOYMENT_TARGET = 14.0;
				LD_RUNPATH_SEARCH_PATHS = (
					"$(inherited)",
					"@executable_path/Frameworks",
				);
				MARKETING_VERSION = 2.0.4;
				PRODUCT_BUNDLE_IDENTIFIER = network.particle.wallet.ConnectKitDemo;
				PRODUCT_NAME = "$(TARGET_NAME)";
				SWIFT_EMIT_LOC_STRINGS = YES;
				SWIFT_VERSION = 5.0;
				TARGETED_DEVICE_FAMILY = "1,2";
			};
			name = Release;
		};
/* End XCBuildConfiguration section */

/* Begin XCConfigurationList section */
		5F9E43B42C6618B000C3045D /* Build configuration list for PBXProject "ConnectKitDemo" */ = {
			isa = XCConfigurationList;
			buildConfigurations = (
				5F9E43CB2C6618B100C3045D /* Debug */,
				5F9E43CC2C6618B100C3045D /* Release */,
			);
			defaultConfigurationIsVisible = 0;
			defaultConfigurationName = Release;
		};
		5F9E43CD2C6618B100C3045D /* Build configuration list for PBXNativeTarget "ConnectKitDemo" */ = {
			isa = XCConfigurationList;
			buildConfigurations = (
				5F9E43CE2C6618B100C3045D /* Debug */,
				5F9E43CF2C6618B100C3045D /* Release */,
			);
			defaultConfigurationIsVisible = 0;
			defaultConfigurationName = Release;
		};
/* End XCConfigurationList section */
	};
	rootObject = 5F9E43B12C6618B000C3045D /* Project object */;
}
