PODS:
  - Alamofire (5.6.2)
  - BigInt (5.2.0)
  - ConnectCommon (0.1.14):
    - BigInt (~> 5.2.0)
    - ParticleNetworkBase
    - RxAlamofire (~> 6.1.1)
    - secp256k1.swift (~> 0.1)
    - TweetNacl
  - ConnectEVMAdapter (0.1.14):
    - BigInt (~> 5.2.0)
    - ConnectCommon
    - CryptoSwift (~> 1.5.1)
    - GenericJSON (~> 2.0)
    - RxAlamofire (~> 6.1.1)
    - SwiftyUserDefaults (~> 5.3.0)
  - ConnectPhantomAdapter (0.1.14):
    - ConnectCommon
    - RxAlamofire (~> 6.1.1)
    - SwiftyJSON (~> 5.0)
    - SwiftyUserDefaults (~> 5.3.0)
    - TweetNacl
  - ConnectSolanaAdapter (0.1.14):
    - ConnectCommon
    - RxAlamofire (~> 6.1.1)
    - secp256k1.swift (~> 0.1)
    - SwiftyUserDefaults (~> 5.3.0)
    - TweetNacl
  - ConnectWalletConnectAdapter (0.1.14):
    - ConnectCommon
    - RxAlamofire (~> 6.1.1)
    - RxCocoa (= 6.5.0)
    - RxSwift (= 6.5.0)
    - SwiftMessages
    - SwiftyJSON (~> 5.0)
    - SwiftyUserDefaults (~> 5.3.0)
  - CryptoSwift (1.5.1)
  - GenericJSON (2.0.1)
  - ParticleAuthService (0.7.2):
    - CryptoSwift (~> 1.5.1)
    - ParticleNetworkBase
    - RxCocoa (= 6.5.0)
    - RxSwift (= 6.5.0)
    - SwiftyJSON (~> 5.0)
    - SwiftyUserDefaults (~> 5.3.0)
  - ParticleConnect (0.1.14):
    - ConnectCommon
    - ParticleAuthService
  - ParticleNetworkBase (0.7.2):
    - CryptoSwift (~> 1.5.1)
  - RxAlamofire (6.1.1):
    - RxAlamofire/Core (= 6.1.1)
  - RxAlamofire/Core (6.1.1):
    - Alamofire (~> 5.4)
    - RxSwift (~> 6.0)
  - RxCocoa (6.5.0):
    - RxRelay (= 6.5.0)
    - RxSwift (= 6.5.0)
  - RxRelay (6.5.0):
    - RxSwift (= 6.5.0)
  - RxSwift (6.5.0)
  - secp256k1.swift (0.1.4)
  - SnapKit (5.6.0)
  - SwiftMessages (9.0.6):
    - SwiftMessages/App (= 9.0.6)
  - SwiftMessages/App (9.0.6)
  - SwiftyJSON (5.0.1)
  - SwiftyUserDefaults (5.3.0)
  - TweetNacl (1.0.2)

DEPENDENCIES:
  - ConnectEVMAdapter
  - ConnectPhantomAdapter
  - ConnectSolanaAdapter
  - ConnectWalletConnectAdapter
  - ParticleConnect
  - SnapKit

SPEC REPOS:
  https://github.com/CocoaPods/Specs.git:
    - Alamofire
    - BigInt
    - ConnectCommon
    - ConnectEVMAdapter
    - ConnectPhantomAdapter
    - ConnectSolanaAdapter
    - ConnectWalletConnectAdapter
    - CryptoSwift
    - GenericJSON
    - ParticleAuthService
    - ParticleConnect
    - ParticleNetworkBase
    - RxAlamofire
    - RxCocoa
    - RxRelay
    - RxSwift
    - secp256k1.swift
    - SnapKit
    - SwiftMessages
    - SwiftyJSON
    - SwiftyUserDefaults
    - TweetNacl

SPEC CHECKSUMS:
  Alamofire: d368e1ff8a298e6dde360e35a3e68e6c610e7204
  BigInt: f668a80089607f521586bbe29513d708491ef2f7
  ConnectCommon: fbe7350975b93bc7a51749417174780ba93de551
  ConnectEVMAdapter: 98714482b153f8a84fd7be9668f0437f84befe49
  ConnectPhantomAdapter: fc839d0d66a56796d3ee006a21c4076f40a9577a
  ConnectSolanaAdapter: d1102680fd29a271f7c91c076bb5d1be2332c884
  ConnectWalletConnectAdapter: 996029baade03823b9e01ba2b8af162799219176
  CryptoSwift: c4f2debceb38bf44c80659afe009f71e23e4a082
  GenericJSON: a6e74e2c457f8693caab08e0eafde7d97e6666de
  ParticleAuthService: d05c63e0bd30b28172c9a9a0ccf7eaae9a7b9c24
  ParticleConnect: 5054f462fd21b386e778aac2719dbd1c576b29db
  ParticleNetworkBase: afdd4b327ab7c797c6e8d84553b2d33776d121d1
  RxAlamofire: beb75a1c452d0de225651db4903f5d29d034a620
  RxCocoa: 94f817b71c07517321eb4f9ad299112ca8af743b
  RxRelay: 1de1523e604c72b6c68feadedd1af3b1b4d0ecbd
  RxSwift: 5710a9e6b17f3c3d6e40d6e559b9fa1e813b2ef8
  secp256k1.swift: a7e7a214f6db6ce5db32cc6b2b45e5c4dd633634
  SnapKit: e01d52ebb8ddbc333eefe2132acf85c8227d9c25
  SwiftMessages: f0c7ef4705a570ad6c5e208b611f4333e660ed92
  SwiftyJSON: 2f33a42c6fbc52764d96f13368585094bfd8aa5e
  SwiftyUserDefaults: 63f80248cf5bfb3458825d9a78f2eb7e1293a040
  TweetNacl: 3abf4d1d2082b0114e7a67410e300892448951e6

PODFILE CHECKSUM: 9e38f0abd2f53b59c38b8007c618d0b4adefff93

COCOAPODS: 1.11.3
