PODS:
  - Alamofire (5.6.4)
  - BigInt (5.2.0)
  - ConnectCommon (0.1.42):
    - BigInt (~> 5.2.0)
    - ParticleNetworkBase
    - RxAlamofire (~> 6.1.1)
    - secp256k1.swift (~> 0.1)
    - SwiftyJSON (~> 5.0)
    - TweetNacl
  - ConnectEVMAdapter (0.1.42):
    - BigInt (~> 5.2.0)
    - ConnectCommon
    - CryptoSwift (~> 1.5.1)
    - GenericJSON (~> 2.0)
    - RxAlamofire (~> 6.1.1)
    - SwiftyUserDefaults (~> 5.3.0)
  - ConnectPhantomAdapter (0.1.42):
    - ConnectCommon
    - RxAlamofire (~> 6.1.1)
    - SwiftyJSON (~> 5.0)
    - SwiftyUserDefaults (~> 5.3.0)
    - TweetNacl
  - ConnectSolanaAdapter (0.1.42):
    - ConnectCommon
    - RxAlamofire (~> 6.1.1)
    - secp256k1.swift (~> 0.1)
    - SwiftyUserDefaults (~> 5.3.0)
    - TweetNacl
  - ConnectWalletConnectAdapter (0.1.42):
    - ConnectCommon
    - RxAlamofire (~> 6.1.1)
    - RxCocoa (= 6.5.0)
    - RxSwift (= 6.5.0)
    - SwiftMessages
    - SwiftyJSON (~> 5.0)
    - SwiftyUserDefaults (~> 5.3.0)
    - WalletConnectSwift
  - CryptoSwift (1.5.1)
  - GenericJSON (2.0.2)
  - GRDB.swift (5.26.1):
    - GRDB.swift/standard (= 5.26.1)
  - GRDB.swift/standard (5.26.1)
  - ParticleAuthService (0.9.6):
    - CryptoSwift (~> 1.5.1)
    - ParticleNetworkBase
    - RxAlamofire (~> 6.1.1)
    - RxCocoa (= 6.5.0)
    - RxSwift (= 6.5.0)
    - SwiftyJSON (~> 5.0)
    - SwiftyUserDefaults (~> 5.3.0)
  - ParticleConnect (0.1.42):
    - ConnectCommon
    - ParticleAuthService
  - ParticleNetworkBase (0.9.6):
    - BigInt (~> 5.2.0)
    - CryptoSwift (~> 1.5.1)
  - ParticleWalletAPI (0.9.6):
    - CryptoSwift (~> 1.5.1)
    - GRDB.swift (= 5.26.1)
    - ParticleNetworkBase
    - RxAlamofire (~> 6.1.1)
    - RxCocoa (= 6.5.0)
    - RxSwift (= 6.5.0)
    - SwiftyJSON (~> 5.0)
    - SwiftyUserDefaults (~> 5.3.0)
  - RxAlamofire (6.1.1):
    - RxAlamofire/Core (= 6.1.1)
  - RxAlamofire/Core (6.1.1):
    - Alamofire (~> 5.4)
    - RxSwift (~> 6.0)
  - RxCocoa (6.5.0):
    - RxRelay (= 6.5.0)
    - RxSwift (= 6.5.0)
  - RxRelay (6.5.0):
    - RxSwift (= 6.5.0)
  - RxSwift (6.5.0)
  - secp256k1.swift (0.1.4)
  - SnapKit (5.6.0)
  - SwiftMessages (9.0.6):
    - SwiftMessages/App (= 9.0.6)
  - SwiftMessages/App (9.0.6)
  - SwiftyJSON (5.0.1)
  - SwiftyUserDefaults (5.3.0)
  - TweetNacl (1.0.2)
  - WalletConnectSwift (1.7.0):
    - CryptoSwift (~> 1.5)

DEPENDENCIES:
  - ConnectCommon (= 0.1.42)
  - ConnectEVMAdapter (= 0.1.42)
  - ConnectPhantomAdapter (= 0.1.42)
  - ConnectSolanaAdapter (= 0.1.42)
  - ConnectWalletConnectAdapter (= 0.1.42)
  - ParticleAuthService (= 0.9.6)
  - ParticleConnect (= 0.1.42)
  - ParticleNetworkBase (= 0.9.6)
  - ParticleWalletAPI (= 0.9.6)
  - SnapKit

SPEC REPOS:
  https://github.com/CocoaPods/Specs.git:
    - Alamofire
    - BigInt
    - ConnectCommon
    - ConnectEVMAdapter
    - ConnectPhantomAdapter
    - ConnectSolanaAdapter
    - ConnectWalletConnectAdapter
    - CryptoSwift
    - GenericJSON
    - GRDB.swift
    - ParticleAuthService
    - ParticleConnect
    - ParticleNetworkBase
    - ParticleWalletAPI
    - RxAlamofire
    - RxCocoa
    - RxRelay
    - RxSwift
    - secp256k1.swift
    - SnapKit
    - SwiftMessages
    - SwiftyJSON
    - SwiftyUserDefaults
    - TweetNacl
    - WalletConnectSwift

SPEC CHECKSUMS:
  Alamofire: 4e95d97098eacb88856099c4fc79b526a299e48c
  BigInt: f668a80089607f521586bbe29513d708491ef2f7
  ConnectCommon: c3465d6fac490a88e0246f27ae7cc97adbed8681
  ConnectEVMAdapter: 395565b5f5a92a2b0cae05312d80b90bc3732b0c
  ConnectPhantomAdapter: 8ab78a054627fbd66ada3b2ff653671826857440
  ConnectSolanaAdapter: bf1abe97fa83a541587cf9c501ed50bff43c9384
  ConnectWalletConnectAdapter: d17782b015df7d1026c6d19aff85bfc45be87159
  CryptoSwift: c4f2debceb38bf44c80659afe009f71e23e4a082
  GenericJSON: 79a840eeb77030962e8cf02a62d36bd413b67626
  GRDB.swift: e98cd55ec99dea5da99355d588149063e4cfa0eb
  ParticleAuthService: 4c3ac73651a89334254f7600cf28de0c2e686658
  ParticleConnect: 2e1d035d09f6d9636fb01fd30522bde33ef9b061
  ParticleNetworkBase: 17be6a86fc3b9e5129de089be4bde68c5ad765ec
  ParticleWalletAPI: 2948c2b4a02124b3b7afb08228daab0c24c01e8f
  RxAlamofire: beb75a1c452d0de225651db4903f5d29d034a620
  RxCocoa: 94f817b71c07517321eb4f9ad299112ca8af743b
  RxRelay: 1de1523e604c72b6c68feadedd1af3b1b4d0ecbd
  RxSwift: 5710a9e6b17f3c3d6e40d6e559b9fa1e813b2ef8
  secp256k1.swift: a7e7a214f6db6ce5db32cc6b2b45e5c4dd633634
  SnapKit: e01d52ebb8ddbc333eefe2132acf85c8227d9c25
  SwiftMessages: f0c7ef4705a570ad6c5e208b611f4333e660ed92
  SwiftyJSON: 2f33a42c6fbc52764d96f13368585094bfd8aa5e
  SwiftyUserDefaults: 63f80248cf5bfb3458825d9a78f2eb7e1293a040
  TweetNacl: 3abf4d1d2082b0114e7a67410e300892448951e6
  WalletConnectSwift: 6309bf3011b0b30e3e9d1e7449535302a9240f71

PODFILE CHECKSUM: 9b8b7f866ca13a6adf5a0d91125937cd85384b8f

COCOAPODS: 1.11.3
